
Microsoft Visual Studio Solution File, Format Version 12.00
# Visual Studio Version 17
VisualStudioVersion = 17.14.36221.1
MinimumVisualStudioVersion = 10.0.40219.1
Project("{FAE04EC0-301F-11D3-BF4B-00C04F79EFBC}") = "IntegrationAgentService", "IntegrationAgentService.csproj", "{37B0F6B3-6CA2-DB07-1338-5AABDBC64471}"
EndProject
Project("{FAE04EC0-301F-11D3-BF4B-00C04F79EFBC}") = "IntegrationAgentComLibrary", "..\IntegrationAgentComLibrary\IntegrationAgentComLibrary.csproj", "{8F0B6424-2DAD-47A4-A389-4A32301E0CF2}"
EndProject
Global
	GlobalSection(SolutionConfigurationPlatforms) = preSolution
		Debug|Any CPU = Debug|Any CPU
		Release|Any CPU = Release|Any CPU
	EndGlobalSection
	GlobalSection(ProjectConfigurationPlatforms) = postSolution
		{37B0F6B3-6CA2-DB07-1338-5AABDBC64471}.Debug|Any CPU.ActiveCfg = Debug|Any CPU
		{37B0F6B3-6CA2-DB07-1338-5AABDBC64471}.Debug|Any CPU.Build.0 = Debug|Any CPU
		{37B0F6B3-6CA2-DB07-1338-5AABDBC64471}.Release|Any CPU.ActiveCfg = Release|Any CPU
		{37B0F6B3-6CA2-DB07-1338-5AABDBC64471}.Release|Any CPU.Build.0 = Release|Any CPU
		{8F0B6424-2DAD-47A4-A389-4A32301E0CF2}.Debug|Any CPU.ActiveCfg = Debug|Any CPU
		{8F0B6424-2DAD-47A4-A389-4A32301E0CF2}.Debug|Any CPU.Build.0 = Debug|Any CPU
		{8F0B6424-2DAD-47A4-A389-4A32301E0CF2}.Release|Any CPU.ActiveCfg = Release|Any CPU
		{8F0B6424-2DAD-47A4-A389-4A32301E0CF2}.Release|Any CPU.Build.0 = Release|Any CPU
	EndGlobalSection
	GlobalSection(SolutionProperties) = preSolution
		HideSolutionNode = FALSE
	EndGlobalSection
	GlobalSection(ExtensibilityGlobals) = postSolution
		SolutionGuid = {48A209B7-BAEF-4BC7-A482-816ABE1CBFAD}
	EndGlobalSection
EndGlobal
