
Microsoft Visual Studio Solution File, Format Version 12.00
# Visual Studio Version 17
VisualStudioVersion = 17.14.36221.1 d17.14
MinimumVisualStudioVersion = 10.0.40219.1
Project("{FAE04EC0-301F-11D3-BF4B-00C04F79EFBC}") = "IntegrationAgentComLibrary", "IntegrationAgentComLibrary.csproj", "{8F0B6424-2DAD-47A4-A389-4A32301E0CF2}"
EndProject
Global
	GlobalSection(SolutionConfigurationPlatforms) = preSolution
		Debug|Any CPU = Debug|Any CPU
		Release|Any CPU = Release|Any CPU
	EndGlobalSection
	GlobalSection(ProjectConfigurationPlatforms) = postSolution
		{8F0B6424-2DAD-47A4-A389-4A32301E0CF2}.Debug|Any CPU.ActiveCfg = Debug|Any CPU
		{8F0B6424-2DAD-47A4-A389-4A32301E0CF2}.Debug|Any CPU.Build.0 = Debug|Any CPU
		{8F0B6424-2DAD-47A4-A389-4A32301E0CF2}.Release|Any CPU.ActiveCfg = Release|Any CPU
		{8F0B6424-2DAD-47A4-A389-4A32301E0CF2}.Release|Any CPU.Build.0 = Release|Any CPU
	EndGlobalSection
	GlobalSection(SolutionProperties) = preSolution
		HideSolutionNode = FALSE
	EndGlobalSection
	GlobalSection(ExtensibilityGlobals) = postSolution
		SolutionGuid = {651FDD28-F097-472A-B08A-6D3FA578D9D0}
	EndGlobalSection
EndGlobal
